<?xml version="1.0" encoding="utf-8"?>
<Project ToolsVersion="4.0" xmlns="http://schemas.microsoft.com/developer/msbuild/2003">
  <ItemGroup>
    <Filter Include="Source Files">
      <UniqueIdentifier>{4FC737F1-C7A5-4376-A066-2A32D752A2FF}</UniqueIdentifier>
      <Extensions>cpp;c;cc;cxx;def;odl;idl;hpj;bat;asm;asmx</Extensions>
    </Filter>
    <Filter Include="Header Files">
      <UniqueIdentifier>{93995380-89BD-4b04-88EB-625FBE52EBFB}</UniqueIdentifier>
      <Extensions>h;hh;hpp;hxx;hm;inl;inc;xsd</Extensions>
    </Filter>
    <Filter Include="Resource Files">
      <UniqueIdentifier>{67DA6AB6-F800-4c08-8B7A-83BB121AAD01}</UniqueIdentifier>
      <Extensions>rc;ico;cur;bmp;dlg;rc2;rct;bin;rgs;gif;jpg;jpeg;jpe;resx;tiff;tif;png;wav</Extensions>
    </Filter>
  </ItemGroup>
  <ItemGroup>
    <ClCompile Include="src\asset\modelimporter.cpp">
      <Filter>Source Files</Filter>
    </ClCompile>
    <ClCompile Include="src\asset\shadersourceloader.cpp">
      <Filter>Source Files</Filter>
    </ClCompile>
    <ClCompile Include="src\asset\shadersourceloaderGL.cpp">
      <Filter>Source Files</Filter>
    </ClCompile>
    <ClCompile Include="src\base\basevector2.cpp">
      <Filter>Source Files</Filter>
    </ClCompile>
    <ClCompile Include="src\base\basevector2array.cpp">
      <Filter>Source Files</Filter>
    </ClCompile>
    <ClCompile Include="src\base\basevector2factory.cpp">
      <Filter>Source Files</Filter>
    </ClCompile>
    <ClCompile Include="src\base\basevector4.cpp">
      <Filter>Source Files</Filter>
    </ClCompile>
    <ClCompile Include="src\base\basevector4array.cpp">
      <Filter>Source Files</Filter>
    </ClCompile>
    <ClCompile Include="src\base\basevector4factory.cpp">
      <Filter>Source Files</Filter>
    </ClCompile>
    <ClCompile Include="src\base\intmask.cpp">
      <Filter>Source Files</Filter>
    </ClCompile>
    <ClCompile Include="src\base\longmask.cpp">
      <Filter>Source Files</Filter>
    </ClCompile>
    <ClCompile Include="src\debug\gtedebug.cpp">
      <Filter>Source Files</Filter>
    </ClCompile>
    <ClCompile Include="src\engine.cpp">
      <Filter>Source Files</Filter>
    </ClCompile>
    <ClCompile Include="src\error\errormanager.cpp">
      <Filter>Source Files</Filter>
    </ClCompile>
    <ClCompile Include="src\filesys\filesystem.cpp">
      <Filter>Source Files</Filter>
    </ClCompile>
    <ClCompile Include="src\filesys\filesystemIX.cpp">
      <Filter>Source Files</Filter>
    </ClCompile>
    <ClCompile Include="src\geometry\matrix4x4.cpp">
      <Filter>Source Files</Filter>
    </ClCompile>
    <ClCompile Include="src\geometry\point\point3.cpp">
      <Filter>Source Files</Filter>
    </ClCompile>
    <ClCompile Include="src\geometry\point\point3array.cpp">
      <Filter>Source Files</Filter>
    </ClCompile>
    <ClCompile Include="src\geometry\point\point3factory.cpp">
      <Filter>Source Files</Filter>
    </ClCompile>
    <ClCompile Include="src\geometry\quaternion.cpp">
      <Filter>Source Files</Filter>
    </ClCompile>
    <ClCompile Include="src\geometry\sceneobjecttransform.cpp">
      <Filter>Source Files</Filter>
    </ClCompile>
    <ClCompile Include="src\geometry\transform.cpp">
      <Filter>Source Files</Filter>
    </ClCompile>
    <ClCompile Include="src\geometry\vector\vector3.cpp">
      <Filter>Source Files</Filter>
    </ClCompile>
    <ClCompile Include="src\geometry\vector\vector3array.cpp">
      <Filter>Source Files</Filter>
    </ClCompile>
    <ClCompile Include="src\geometry\vector\vector3factory.cpp">
      <Filter>Source Files</Filter>
    </ClCompile>
    <ClCompile Include="src\global\constants.cpp">
      <Filter>Source Files</Filter>
    </ClCompile>
    <ClCompile Include="src\graphics\animation\animation.cpp">
      <Filter>Source Files</Filter>
    </ClCompile>
    <ClCompile Include="src\graphics\animation\animationinstance.cpp">
      <Filter>Source Files</Filter>
    </ClCompile>
    <ClCompile Include="src\graphics\animation\animationmanager.cpp">
      <Filter>Source Files</Filter>
    </ClCompile>
    <ClCompile Include="src\graphics\animation\animationplayer.cpp">
      <Filter>Source Files</Filter>
    </ClCompile>
    <ClCompile Include="src\graphics\animation\blendop.cpp">
      <Filter>Source Files</Filter>
    </ClCompile>
    <ClCompile Include="src\graphics\animation\bone.cpp">
      <Filter>Source Files</Filter>
    </ClCompile>
    <ClCompile Include="src\graphics\animation\crossfadeblendop.cpp">
      <Filter>Source Files</Filter>
    </ClCompile>
    <ClCompile Include="src\graphics\animation\keyframe.cpp">
      <Filter>Source Files</Filter>
    </ClCompile>
    <ClCompile Include="src\graphics\animation\keyframeset.cpp">
      <Filter>Source Files</Filter>
    </ClCompile>
    <ClCompile Include="src\graphics\animation\rotationkeyframe.cpp">
      <Filter>Source Files</Filter>
    </ClCompile>
    <ClCompile Include="src\graphics\animation\scalekeyframe.cpp">
      <Filter>Source Files</Filter>
    </ClCompile>
    <ClCompile Include="src\graphics\animation\sceneobjectskeletonnode.cpp">
      <Filter>Source Files</Filter>
    </ClCompile>
    <ClCompile Include="src\graphics\animation\skeleton.cpp">
      <Filter>Source Files</Filter>
    </ClCompile>
    <ClCompile Include="src\graphics\animation\skeletonnode.cpp">
      <Filter>Source Files</Filter>
    </ClCompile>
    <ClCompile Include="src\graphics\animation\translationkeyframe.cpp">
      <Filter>Source Files</Filter>
    </ClCompile>
    <ClCompile Include="src\graphics\animation\vertexbonemap.cpp">
      <Filter>Source Files</Filter>
    </ClCompile>
    <ClCompile Include="src\graphics\color\color4.cpp">
      <Filter>Source Files</Filter>
    </ClCompile>
    <ClCompile Include="src\graphics\color\color4array.cpp">
      <Filter>Source Files</Filter>
    </ClCompile>
    <ClCompile Include="src\graphics\color\color4factory.cpp">
      <Filter>Source Files</Filter>
    </ClCompile>
    <ClCompile Include="src\graphics\graphics.cpp">
      <Filter>Source Files</Filter>
    </ClCompile>
    <ClCompile Include="src\graphics\graphicsGL.cpp">
      <Filter>Source Files</Filter>
    </ClCompile>
    <ClCompile Include="src\graphics\image\imageloader.cpp">
      <Filter>Source Files</Filter>
    </ClCompile>
    <ClCompile Include="src\graphics\image\rawimage.cpp">
      <Filter>Source Files</Filter>
    </ClCompile>
    <ClCompile Include="src\graphics\light\light.cpp">
      <Filter>Source Files</Filter>
    </ClCompile>
    <ClCompile Include="src\graphics\object\mesh3D.cpp">
      <Filter>Source Files</Filter>
    </ClCompile>
    <ClCompile Include="src\graphics\object\mesh3Dfilter.cpp">
      <Filter>Source Files</Filter>
    </ClCompile>
    <ClCompile Include="src\graphics\object\submesh3D.cpp">
      <Filter>Source Files</Filter>
    </ClCompile>
    <ClCompile Include="src\graphics\object\submesh3Dface.cpp">
      <Filter>Source Files</Filter>
    </ClCompile>
    <ClCompile Include="src\graphics\object\submesh3Dfaces.cpp">
      <Filter>Source Files</Filter>
    </ClCompile>
    <ClCompile Include="src\graphics\render\attributetransformer.cpp">
      <Filter>Source Files</Filter>
    </ClCompile>
    <ClCompile Include="src\graphics\render\material.cpp">
      <Filter>Source Files</Filter>
    </ClCompile>
    <ClCompile Include="src\graphics\render\mesh3Drenderer.cpp">
      <Filter>Source Files</Filter>
    </ClCompile>
    <ClCompile Include="src\graphics\render\rendermanager.cpp">
      <Filter>Source Files</Filter>
    </ClCompile>
    <ClCompile Include="src\graphics\render\rendertarget.cpp">
      <Filter>Source Files</Filter>
    </ClCompile>
    <ClCompile Include="src\graphics\render\rendertargetGL.cpp">
      <Filter>Source Files</Filter>
    </ClCompile>
    <ClCompile Include="src\graphics\render\skinnedmesh3Dattrtransformer.cpp">
      <Filter>Source Files</Filter>
    </ClCompile>
    <ClCompile Include="src\graphics\render\skinnedmesh3Drenderer.cpp">
      <Filter>Source Files</Filter>
    </ClCompile>
    <ClCompile Include="src\graphics\render\submesh3Drenderer.cpp">
      <Filter>Source Files</Filter>
    </ClCompile>
    <ClCompile Include="src\graphics\render\vertexattrbuffer.cpp">
      <Filter>Source Files</Filter>
    </ClCompile>
    <ClCompile Include="src\graphics\render\vertexattrbufferGL.cpp">
      <Filter>Source Files</Filter>
    </ClCompile>
    <ClCompile Include="src\graphics\screendesc.cpp">
      <Filter>Source Files</Filter>
    </ClCompile>
    <ClCompile Include="src\graphics\shader\attributedesc.cpp">
      <Filter>Source Files</Filter>
    </ClCompile>
    <ClCompile Include="src\graphics\shader\shader.cpp">
      <Filter>Source Files</Filter>
    </ClCompile>
    <ClCompile Include="src\graphics\shader\shaderGL.cpp">
      <Filter>Source Files</Filter>
    </ClCompile>
    <ClCompile Include="src\graphics\shader\shadersource.cpp">
      <Filter>Source Files</Filter>
    </ClCompile>
    <ClCompile Include="src\graphics\shader\uniformdesc.cpp">
      <Filter>Source Files</Filter>
    </ClCompile>
    <ClCompile Include="src\graphics\stdattributes.cpp">
      <Filter>Source Files</Filter>
    </ClCompile>
    <ClCompile Include="src\graphics\stduniforms.cpp">
      <Filter>Source Files</Filter>
    </ClCompile>
    <ClCompile Include="src\graphics\texture\texture.cpp">
      <Filter>Source Files</Filter>
    </ClCompile>
    <ClCompile Include="src\graphics\texture\textureattr.cpp">
      <Filter>Source Files</Filter>
    </ClCompile>
    <ClCompile Include="src\graphics\texture\textureGL.cpp">
      <Filter>Source Files</Filter>
    </ClCompile>
    <ClCompile Include="src\graphics\uv\uv2.cpp">
      <Filter>Source Files</Filter>
    </ClCompile>
    <ClCompile Include="src\graphics\uv\uv2array.cpp">
      <Filter>Source Files</Filter>
    </ClCompile>
    <ClCompile Include="src\graphics\uv\uv2factory.cpp">
      <Filter>Source Files</Filter>
    </ClCompile>
    <ClCompile Include="src\graphics\view\camera.cpp">
      <Filter>Source Files</Filter>
    </ClCompile>
    <ClCompile Include="src\gtedemo\game.cpp">
      <Filter>Source Files</Filter>
    </ClCompile>
    <ClCompile Include="src\gtedemo\gameutil.cpp">
      <Filter>Source Files</Filter>
    </ClCompile>
    <ClCompile Include="src\gtedemo\gtedemo.cpp">
      <Filter>Source Files</Filter>
    </ClCompile>
    <ClCompile Include="src\gtedemo\lavafield.cpp">
      <Filter>Source Files</Filter>
    </ClCompile>
    <ClCompile Include="src\gtedemo\scene.cpp">
      <Filter>Source Files</Filter>
    </ClCompile>
    <ClCompile Include="src\gtedemo\scenes\castlescene.cpp">
      <Filter>Source Files</Filter>
    </ClCompile>
    <ClCompile Include="src\gtedemo\scenes\lavascene.cpp">
      <Filter>Source Files</Filter>
    </ClCompile>
    <ClCompile Include="src\gtedemo\scenes\poolscene.cpp">
      <Filter>Source Files</Filter>
    </ClCompile>
    <ClCompile Include="src\gtemath\gtemath.cpp">
      <Filter>Source Files</Filter>
    </ClCompile>
    <ClCompile Include="src\input\inputmanager.cpp">
      <Filter>Source Files</Filter>
    </ClCompile>
    <ClCompile Include="src\input\inputmanagerGL.cpp">
      <Filter>Source Files</Filter>
    </ClCompile>
    <ClCompile Include="src\object\engineobject.cpp">
      <Filter>Source Files</Filter>
    </ClCompile>
    <ClCompile Include="src\object\engineobjectmanager.cpp">
      <Filter>Source Files</Filter>
    </ClCompile>
    <ClCompile Include="src\object\layermanager.cpp">
      <Filter>Source Files</Filter>
    </ClCompile>
    <ClCompile Include="src\object\objectpairkey.cpp">
      <Filter>Source Files</Filter>
    </ClCompile>
    <ClCompile Include="src\object\sceneobject.cpp">
      <Filter>Source Files</Filter>
    </ClCompile>
    <ClCompile Include="src\object\sceneobjectcomponent.cpp">
      <Filter>Source Files</Filter>
    </ClCompile>
    <ClCompile Include="src\object\shaderorganizer.cpp">
      <Filter>Source Files</Filter>
    </ClCompile>
    <ClCompile Include="src\util\datastack.cpp">
      <Filter>Source Files</Filter>
    </ClCompile>
    <ClCompile Include="src\util\engineutility.cpp">
      <Filter>Source Files</Filter>
    </ClCompile>
    <ClCompile Include="src\util\time.cpp">
      <Filter>Source Files</Filter>
    </ClCompile>
    <ClCompile Include="src\asset\assetimporter.cpp">
      <Filter>Source Files</Filter>
    </ClCompile>
    <ClCompile Include="src\asset\importutil.cpp">
      <Filter>Source Files</Filter>
    </ClCompile>
    <ClCompile Include="src\filesys\filesystemWin.cpp">
      <Filter>Source Files</Filter>
    </ClCompile>
    <ClCompile Include="src\graphics\shader\shadersourcelines.cpp">
      <Filter>Source Files</Filter>
    </ClCompile>
  </ItemGroup>
  <ItemGroup>
    <ClInclude Include="src\asset\assetimporter.h">
      <Filter>Header Files</Filter>
    </ClInclude>
    <ClInclude Include="src\asset\importutil.h">
      <Filter>Header Files</Filter>
    </ClInclude>
    <ClInclude Include="src\asset\modelimporter.h">
      <Filter>Header Files</Filter>
    </ClInclude>
    <ClInclude Include="src\asset\shadersourceloader.h">
      <Filter>Header Files</Filter>
    </ClInclude>
    <ClInclude Include="src\asset\shadersourceloaderGL.h">
      <Filter>Header Files</Filter>
    </ClInclude>
    <ClInclude Include="src\base\basevector2.h">
      <Filter>Header Files</Filter>
    </ClInclude>
    <ClInclude Include="src\base\basevector2array.h">
      <Filter>Header Files</Filter>
    </ClInclude>
    <ClInclude Include="src\base\basevector2factory.h">
      <Filter>Header Files</Filter>
    </ClInclude>
    <ClInclude Include="src\base\basevector4.h">
      <Filter>Header Files</Filter>
    </ClInclude>
    <ClInclude Include="src\base\basevector4array.h">
      <Filter>Header Files</Filter>
    </ClInclude>
    <ClInclude Include="src\base\basevector4factory.h">
      <Filter>Header Files</Filter>
    </ClInclude>
    <ClInclude Include="src\base\intmask.h">
      <Filter>Header Files</Filter>
    </ClInclude>
    <ClInclude Include="src\base\longmask.h">
      <Filter>Header Files</Filter>
    </ClInclude>
    <ClInclude Include="src\debug\gtedebug.h">
      <Filter>Header Files</Filter>
    </ClInclude>
    <ClInclude Include="src\engine.h">
      <Filter>Header Files</Filter>
    </ClInclude>
    <ClInclude Include="src\error\errormanager.h">
      <Filter>Header Files</Filter>
    </ClInclude>
    <ClInclude Include="src\filesys\filesystem.h">
      <Filter>Header Files</Filter>
    </ClInclude>
    <ClInclude Include="src\filesys\filesystemIX.h">
      <Filter>Header Files</Filter>
    </ClInclude>
    <ClInclude Include="src\geometry\matrix4x4.h">
      <Filter>Header Files</Filter>
    </ClInclude>
    <ClInclude Include="src\geometry\point\point3.h">
      <Filter>Header Files</Filter>
    </ClInclude>
    <ClInclude Include="src\geometry\point\point3array.h">
      <Filter>Header Files</Filter>
    </ClInclude>
    <ClInclude Include="src\geometry\point\point3factory.h">
      <Filter>Header Files</Filter>
    </ClInclude>
    <ClInclude Include="src\geometry\quaternion.h">
      <Filter>Header Files</Filter>
    </ClInclude>
    <ClInclude Include="src\geometry\sceneobjecttransform.h">
      <Filter>Header Files</Filter>
    </ClInclude>
    <ClInclude Include="src\geometry\transform.h">
      <Filter>Header Files</Filter>
    </ClInclude>
    <ClInclude Include="src\geometry\vector\vector3.h">
      <Filter>Header Files</Filter>
    </ClInclude>
    <ClInclude Include="src\geometry\vector\vector3array.h">
      <Filter>Header Files</Filter>
    </ClInclude>
    <ClInclude Include="src\geometry\vector\vector3factory.h">
      <Filter>Header Files</Filter>
    </ClInclude>
    <ClInclude Include="src\global\constants.h">
      <Filter>Header Files</Filter>
    </ClInclude>
    <ClInclude Include="src\global\global.h">
      <Filter>Header Files</Filter>
    </ClInclude>
    <ClInclude Include="src\graphics\animation\animation.h">
      <Filter>Header Files</Filter>
    </ClInclude>
    <ClInclude Include="src\graphics\animation\animationinstance.h">
      <Filter>Header Files</Filter>
    </ClInclude>
    <ClInclude Include="src\graphics\animation\animationmanager.h">
      <Filter>Header Files</Filter>
    </ClInclude>
    <ClInclude Include="src\graphics\animation\animationplayer.h">
      <Filter>Header Files</Filter>
    </ClInclude>
    <ClInclude Include="src\graphics\animation\blendop.h">
      <Filter>Header Files</Filter>
    </ClInclude>
    <ClInclude Include="src\graphics\animation\bone.h">
      <Filter>Header Files</Filter>
    </ClInclude>
    <ClInclude Include="src\graphics\animation\crossfadeblendop.h">
      <Filter>Header Files</Filter>
    </ClInclude>
    <ClInclude Include="src\graphics\animation\keyframe.h">
      <Filter>Header Files</Filter>
    </ClInclude>
    <ClInclude Include="src\graphics\animation\keyframeset.h">
      <Filter>Header Files</Filter>
    </ClInclude>
    <ClInclude Include="src\graphics\animation\rotationkeyframe.h">
      <Filter>Header Files</Filter>
    </ClInclude>
    <ClInclude Include="src\graphics\animation\scalekeyframe.h">
      <Filter>Header Files</Filter>
    </ClInclude>
    <ClInclude Include="src\graphics\animation\sceneobjectskeletonnode.h">
      <Filter>Header Files</Filter>
    </ClInclude>
    <ClInclude Include="src\graphics\animation\skeleton.h">
      <Filter>Header Files</Filter>
    </ClInclude>
    <ClInclude Include="src\graphics\animation\skeletonnode.h">
      <Filter>Header Files</Filter>
    </ClInclude>
    <ClInclude Include="src\graphics\animation\translationkeyframe.h">
      <Filter>Header Files</Filter>
    </ClInclude>
    <ClInclude Include="src\graphics\animation\vertexbonemap.h">
      <Filter>Header Files</Filter>
    </ClInclude>
    <ClInclude Include="src\graphics\color\color4.h">
      <Filter>Header Files</Filter>
    </ClInclude>
    <ClInclude Include="src\graphics\color\color4array.h">
      <Filter>Header Files</Filter>
    </ClInclude>
    <ClInclude Include="src\graphics\color\color4factory.h">
      <Filter>Header Files</Filter>
    </ClInclude>
    <ClInclude Include="src\graphics\gl_include.h">
      <Filter>Header Files</Filter>
    </ClInclude>
    <ClInclude Include="src\graphics\graphics.h">
      <Filter>Header Files</Filter>
    </ClInclude>
    <ClInclude Include="src\graphics\graphicsattr.h">
      <Filter>Header Files</Filter>
    </ClInclude>
    <ClInclude Include="src\graphics\graphicsGL.h">
      <Filter>Header Files</Filter>
    </ClInclude>
    <ClInclude Include="src\graphics\image\imageloader.h">
      <Filter>Header Files</Filter>
    </ClInclude>
    <ClInclude Include="src\graphics\image\rawimage.h">
      <Filter>Header Files</Filter>
    </ClInclude>
    <ClInclude Include="src\graphics\light\light.h">
      <Filter>Header Files</Filter>
    </ClInclude>
    <ClInclude Include="src\graphics\object\mesh3D.h">
      <Filter>Header Files</Filter>
    </ClInclude>
    <ClInclude Include="src\graphics\object\mesh3Dfilter.h">
      <Filter>Header Files</Filter>
    </ClInclude>
    <ClInclude Include="src\graphics\object\submesh3D.h">
      <Filter>Header Files</Filter>
    </ClInclude>
    <ClInclude Include="src\graphics\object\submesh3Dface.h">
      <Filter>Header Files</Filter>
    </ClInclude>
    <ClInclude Include="src\graphics\object\submesh3Dfaces.h">
      <Filter>Header Files</Filter>
    </ClInclude>
    <ClInclude Include="src\graphics\render\attributetransformer.h">
      <Filter>Header Files</Filter>
    </ClInclude>
    <ClInclude Include="src\graphics\render\material.h">
      <Filter>Header Files</Filter>
    </ClInclude>
    <ClInclude Include="src\graphics\render\mesh3Drenderer.h">
      <Filter>Header Files</Filter>
    </ClInclude>
    <ClInclude Include="src\graphics\render\renderbuffer.h">
      <Filter>Header Files</Filter>
    </ClInclude>
    <ClInclude Include="src\graphics\render\rendermanager.h">
      <Filter>Header Files</Filter>
    </ClInclude>
    <ClInclude Include="src\graphics\render\rendertarget.h">
      <Filter>Header Files</Filter>
    </ClInclude>
    <ClInclude Include="src\graphics\render\rendertargetGL.h">
      <Filter>Header Files</Filter>
    </ClInclude>
    <ClInclude Include="src\graphics\render\skinnedmesh3Dattrtransformer.h">
      <Filter>Header Files</Filter>
    </ClInclude>
    <ClInclude Include="src\graphics\render\skinnedmesh3Drenderer.h">
      <Filter>Header Files</Filter>
    </ClInclude>
    <ClInclude Include="src\graphics\render\submesh3Drenderer.h">
      <Filter>Header Files</Filter>
    </ClInclude>
    <ClInclude Include="src\graphics\render\vertexattrbuffer.h">
      <Filter>Header Files</Filter>
    </ClInclude>
    <ClInclude Include="src\graphics\render\vertexattrbufferGL.h">
      <Filter>Header Files</Filter>
    </ClInclude>
    <ClInclude Include="src\graphics\screendesc.h">
      <Filter>Header Files</Filter>
    </ClInclude>
    <ClInclude Include="src\graphics\shader\attributedesc.h">
      <Filter>Header Files</Filter>
    </ClInclude>
    <ClInclude Include="src\graphics\shader\shader.h">
      <Filter>Header Files</Filter>
    </ClInclude>
    <ClInclude Include="src\graphics\shader\shaderGL.h">
      <Filter>Header Files</Filter>
    </ClInclude>
    <ClInclude Include="src\graphics\shader\shadersource.h">
      <Filter>Header Files</Filter>
    </ClInclude>
    <ClInclude Include="src\graphics\shader\uniformdesc.h">
      <Filter>Header Files</Filter>
    </ClInclude>
    <ClInclude Include="src\graphics\stdattributes.h">
      <Filter>Header Files</Filter>
    </ClInclude>
    <ClInclude Include="src\graphics\stduniforms.h">
      <Filter>Header Files</Filter>
    </ClInclude>
    <ClInclude Include="src\graphics\texture\texture.h">
      <Filter>Header Files</Filter>
    </ClInclude>
    <ClInclude Include="src\graphics\texture\textureattr.h">
      <Filter>Header Files</Filter>
    </ClInclude>
    <ClInclude Include="src\graphics\texture\textureGL.h">
      <Filter>Header Files</Filter>
    </ClInclude>
    <ClInclude Include="src\graphics\uv\uv2.h">
      <Filter>Header Files</Filter>
    </ClInclude>
    <ClInclude Include="src\graphics\uv\uv2array.h">
      <Filter>Header Files</Filter>
    </ClInclude>
    <ClInclude Include="src\graphics\uv\uv2factory.h">
      <Filter>Header Files</Filter>
    </ClInclude>
    <ClInclude Include="src\graphics\view\camera.h">
      <Filter>Header Files</Filter>
    </ClInclude>
    <ClInclude Include="src\gtedemo\game.h">
      <Filter>Header Files</Filter>
    </ClInclude>
    <ClInclude Include="src\gtedemo\gameutil.h">
      <Filter>Header Files</Filter>
    </ClInclude>
    <ClInclude Include="src\gtedemo\gtedemo.h">
      <Filter>Header Files</Filter>
    </ClInclude>
    <ClInclude Include="src\gtedemo\lavafield.h">
      <Filter>Header Files</Filter>
    </ClInclude>
    <ClInclude Include="src\gtedemo\scene.h">
      <Filter>Header Files</Filter>
    </ClInclude>
    <ClInclude Include="src\gtedemo\scenes\castlescene.h">
      <Filter>Header Files</Filter>
    </ClInclude>
    <ClInclude Include="src\gtedemo\scenes\lavascene.h">
      <Filter>Header Files</Filter>
    </ClInclude>
    <ClInclude Include="src\gtedemo\scenes\poolscene.h">
      <Filter>Header Files</Filter>
    </ClInclude>
    <ClInclude Include="src\gtemath\gtemath.h">
      <Filter>Header Files</Filter>
    </ClInclude>
    <ClInclude Include="src\input\inputmanager.h">
      <Filter>Header Files</Filter>
    </ClInclude>
    <ClInclude Include="src\input\inputmanagerGL.h">
      <Filter>Header Files</Filter>
    </ClInclude>
    <ClInclude Include="src\object\engineobject.h">
      <Filter>Header Files</Filter>
    </ClInclude>
    <ClInclude Include="src\object\engineobjectmanager.h">
      <Filter>Header Files</Filter>
    </ClInclude>
    <ClInclude Include="src\object\enginetypes.h">
      <Filter>Header Files</Filter>
    </ClInclude>
    <ClInclude Include="src\object\layermanager.h">
      <Filter>Header Files</Filter>
    </ClInclude>
    <ClInclude Include="src\object\objectpairkey.h">
      <Filter>Header Files</Filter>
    </ClInclude>
    <ClInclude Include="src\object\sceneobject.h">
      <Filter>Header Files</Filter>
    </ClInclude>
    <ClInclude Include="src\object\sceneobjectcomponent.h">
      <Filter>Header Files</Filter>
    </ClInclude>
    <ClInclude Include="src\object\shaderorganizer.h">
      <Filter>Header Files</Filter>
    </ClInclude>
    <ClInclude Include="src\util\datastack.h">
      <Filter>Header Files</Filter>
    </ClInclude>
    <ClInclude Include="src\util\engineutility.h">
      <Filter>Header Files</Filter>
    </ClInclude>
    <ClInclude Include="src\util\time.h">
      <Filter>Header Files</Filter>
    </ClInclude>
    <ClInclude Include="src\util\tree.h">
      <Filter>Header Files</Filter>
    </ClInclude>
    <ClInclude Include="src\filesys\filesystemWin.h">
      <Filter>Header Files</Filter>
    </ClInclude>
    <ClInclude Include="src\global\assert.h">
      <Filter>Header Files</Filter>
    </ClInclude>
    <ClInclude Include="src\graphics\shader\shadersourcelines.h">
      <Filter>Header Files</Filter>
    </ClInclude>
    <ClInclude Include="src\graphics\renderstate.h">
      <Filter>Header Files</Filter>
    </ClInclude>
  </ItemGroup>
</Project>